PODS:
  - IQKeyboardManager (4.0.13)
  - Masonry (1.1.0)
  - StaticVC (1.0.0.1):
    - IQKeyboardManager (~> 4.0.3)
    - Masonry (~> 1.1.0)

DEPENDENCIES:
  - StaticVC (from `../`)

SPEC REPOS:
  https://github.com/cocoapods/specs.git:
    - IQKeyboardManager
    - Masonry

EXTERNAL SOURCES:
  StaticVC:
    :path: "../"

SPEC CHECKSUMS:
  IQKeyboardManager: 8eab4d8111418414619d1df8e4779ce5d0f8d7e2
  Masonry: 678fab65091a9290e40e2832a55e7ab731aad201
  StaticVC: 1ca676fa4b266f402218e87655720e26ccdc458d

PODFILE CHECKSUM: 38356148403d4379df9a022793065e69ce0310da

COCOAPODS: 1.5.3
